
Microsoft Visual Studio Solution File, Format Version 12.00
# Visual Studio Version 17
VisualStudioVersion = 17.11.35327.3
MinimumVisualStudioVersion = 10.0.40219.1
Project("{8BC9CEB8-8B4A-11D0-8D11-00A0C91BC942}") = "dnd test numero 47000", "dnd test numero 47000\dnd test numero 47000.vcxproj", "{F63A29E9-4A1E-4EC6-94C0-6A87784AEA5A}"
EndProject
Global
	GlobalSection(SolutionConfigurationPlatforms) = preSolution
		Debug|x64 = Debug|x64
		Debug|x86 = Debug|x86
		Release|x64 = Release|x64
		Release|x86 = Release|x86
	EndGlobalSection
	GlobalSection(ProjectConfigurationPlatforms) = postSolution
		{F63A29E9-4A1E-4EC6-94C0-6A87784AEA5A}.Debug|x64.ActiveCfg = Debug|x64
		{F63A29E9-4A1E-4EC6-94C0-6A87784AEA5A}.Debug|x64.Build.0 = Debug|x64
		{F63A29E9-4A1E-4EC6-94C0-6A87784AEA5A}.Debug|x86.ActiveCfg = Debug|Win32
		{F63A29E9-4A1E-4EC6-94C0-6A87784AEA5A}.Debug|x86.Build.0 = Debug|Win32
		{F63A29E9-4A1E-4EC6-94C0-6A87784AEA5A}.Release|x64.ActiveCfg = Release|x64
		{F63A29E9-4A1E-4EC6-94C0-6A87784AEA5A}.Release|x64.Build.0 = Release|x64
		{F63A29E9-4A1E-4EC6-94C0-6A87784AEA5A}.Release|x86.ActiveCfg = Release|Win32
		{F63A29E9-4A1E-4EC6-94C0-6A87784AEA5A}.Release|x86.Build.0 = Release|Win32
	EndGlobalSection
	GlobalSection(SolutionProperties) = preSolution
		HideSolutionNode = FALSE
	EndGlobalSection
	GlobalSection(ExtensibilityGlobals) = postSolution
		SolutionGuid = {9E349A7B-A1BA-4FEC-9686-C53F8AECA639}
	EndGlobalSection
EndGlobal
